// !$*UTF8*$!
{
	archiveVersion = 1;
	classes = {
	};
	objectVersion = 51;
	objects = {

/* Begin PBXBuildFile section */
		0B219B6924CA8BC2005D7F3A /* ReachabilityConnection.swift in Sources */ = {isa = PBXBuildFile; fileRef = 0B219B6824CA8BC2005D7F3A /* ReachabilityConnection.swift */; };
		0B307D8024C887D200D7324A /* ApiConstant.swift in Sources */ = {isa = PBXBuildFile; fileRef = 0B307D7F24C887D200D7324A /* ApiConstant.swift */; };
		0B307D8324C8882E00D7324A /* BaseApi.swift in Sources */ = {isa = PBXBuildFile; fileRef = 0B307D8224C8882E00D7324A /* BaseApi.swift */; };
		0B307D8624C8889700D7324A /* ApiConfig.swift in Sources */ = {isa = PBXBuildFile; fileRef = 0B307D8524C8889700D7324A /* ApiConfig.swift */; };
		0B4356E324C88B7500F909F6 /* NetworkManager.swift in Sources */ = {isa = PBXBuildFile; fileRef = 0B4356E224C88B7500F909F6 /* NetworkManager.swift */; };
		0B4356E624C88C9200F909F6 /* ResponseParser.swift in Sources */ = {isa = PBXBuildFile; fileRef = 0B4356E524C88C9200F909F6 /* ResponseParser.swift */; };
		0BB58DD924DD003E00A2A58E /* MainContract.swift in Sources */ = {isa = PBXBuildFile; fileRef = 0BB58DD224DD003E00A2A58E /* MainContract.swift */; };
		0BB58DDA24DD003E00A2A58E /* MainPresenter.swift in Sources */ = {isa = PBXBuildFile; fileRef = 0BB58DD324DD003E00A2A58E /* MainPresenter.swift */; };
		0BB58DDB24DD003E00A2A58E /* MainRouter.swift in Sources */ = {isa = PBXBuildFile; fileRef = 0BB58DD424DD003E00A2A58E /* MainRouter.swift */; };
		0BB58DDC24DD003E00A2A58E /* MainViewController.swift in Sources */ = {isa = PBXBuildFile; fileRef = 0BB58DD524DD003E00A2A58E /* MainViewController.swift */; };
		0BB58DDD24DD003E00A2A58E /* MainInteractor.swift in Sources */ = {isa = PBXBuildFile; fileRef = 0BB58DD624DD003E00A2A58E /* MainInteractor.swift */; };
		0BB58DDE24DD003E00A2A58E /* MainEntity.swift in Sources */ = {isa = PBXBuildFile; fileRef = 0BB58DD724DD003E00A2A58E /* MainEntity.swift */; };
		0BB58DDF24DD003E00A2A58E /* MainViewController.xib in Resources */ = {isa = PBXBuildFile; fileRef = 0BB58DD824DD003E00A2A58E /* MainViewController.xib */; };
		0BB58DF624DD010700A2A58E /* HomeContract.swift in Sources */ = {isa = PBXBuildFile; fileRef = 0BB58DEF24DD010700A2A58E /* HomeContract.swift */; };
		0BB58DF724DD010700A2A58E /* HomePresenter.swift in Sources */ = {isa = PBXBuildFile; fileRef = 0BB58DF024DD010700A2A58E /* HomePresenter.swift */; };
		0BB58DF824DD010700A2A58E /* HomeRouter.swift in Sources */ = {isa = PBXBuildFile; fileRef = 0BB58DF124DD010700A2A58E /* HomeRouter.swift */; };
		0BB58DF924DD010700A2A58E /* HomeViewController.swift in Sources */ = {isa = PBXBuildFile; fileRef = 0BB58DF224DD010700A2A58E /* HomeViewController.swift */; };
		0BB58DFA24DD010700A2A58E /* HomeInteractor.swift in Sources */ = {isa = PBXBuildFile; fileRef = 0BB58DF324DD010700A2A58E /* HomeInteractor.swift */; };
		0BB58DFB24DD010700A2A58E /* HomeEntity.swift in Sources */ = {isa = PBXBuildFile; fileRef = 0BB58DF424DD010700A2A58E /* HomeEntity.swift */; };
		0BB58DFC24DD010700A2A58E /* HomeViewController.xib in Resources */ = {isa = PBXBuildFile; fileRef = 0BB58DF524DD010700A2A58E /* HomeViewController.xib */; };
		0BB58E0524DD027300A2A58E /* OtherContract.swift in Sources */ = {isa = PBXBuildFile; fileRef = 0BB58DFE24DD027300A2A58E /* OtherContract.swift */; };
		0BB58E0624DD027300A2A58E /* OtherPresenter.swift in Sources */ = {isa = PBXBuildFile; fileRef = 0BB58DFF24DD027300A2A58E /* OtherPresenter.swift */; };
		0BB58E0724DD027300A2A58E /* OtherRouter.swift in Sources */ = {isa = PBXBuildFile; fileRef = 0BB58E0024DD027300A2A58E /* OtherRouter.swift */; };
		0BB58E0824DD027300A2A58E /* OtherViewController.swift in Sources */ = {isa = PBXBuildFile; fileRef = 0BB58E0124DD027300A2A58E /* OtherViewController.swift */; };
		0BB58E0924DD027300A2A58E /* OtherInteractor.swift in Sources */ = {isa = PBXBuildFile; fileRef = 0BB58E0224DD027300A2A58E /* OtherInteractor.swift */; };
		0BB58E0A24DD027300A2A58E /* OtherEntity.swift in Sources */ = {isa = PBXBuildFile; fileRef = 0BB58E0324DD027300A2A58E /* OtherEntity.swift */; };
		0BB58E0B24DD027300A2A58E /* OtherViewController.xib in Resources */ = {isa = PBXBuildFile; fileRef = 0BB58E0424DD027300A2A58E /* OtherViewController.xib */; };
		0BB58E0F24DD071900A2A58E /* HomeTableViewCell.swift in Sources */ = {isa = PBXBuildFile; fileRef = 0BB58E0D24DD071900A2A58E /* HomeTableViewCell.swift */; };
		0BB58E1024DD071900A2A58E /* HomeTableViewCell.xib in Resources */ = {isa = PBXBuildFile; fileRef = 0BB58E0E24DD071900A2A58E /* HomeTableViewCell.xib */; };
		0BB58E1424DD242800A2A58E /* HomeHeaderTableViewCell.swift in Sources */ = {isa = PBXBuildFile; fileRef = 0BB58E1224DD242800A2A58E /* HomeHeaderTableViewCell.swift */; };
		0BB58E1524DD242800A2A58E /* HomeHeaderTableViewCell.xib in Resources */ = {isa = PBXBuildFile; fileRef = 0BB58E1324DD242800A2A58E /* HomeHeaderTableViewCell.xib */; };
		0BB58E1924DD24A200A2A58E /* HomeCollectionViewCell.swift in Sources */ = {isa = PBXBuildFile; fileRef = 0BB58E1724DD24A200A2A58E /* HomeCollectionViewCell.swift */; };
		0BB58E1A24DD24A200A2A58E /* HomeCollectionViewCell.xib in Resources */ = {isa = PBXBuildFile; fileRef = 0BB58E1824DD24A200A2A58E /* HomeCollectionViewCell.xib */; };
		0BB58E2324DD2BE700A2A58E /* DetailContract.swift in Sources */ = {isa = PBXBuildFile; fileRef = 0BB58E1C24DD2BE700A2A58E /* DetailContract.swift */; };
		0BB58E2424DD2BE700A2A58E /* DetailPresenter.swift in Sources */ = {isa = PBXBuildFile; fileRef = 0BB58E1D24DD2BE700A2A58E /* DetailPresenter.swift */; };
		0BB58E2524DD2BE700A2A58E /* DetailRouter.swift in Sources */ = {isa = PBXBuildFile; fileRef = 0BB58E1E24DD2BE700A2A58E /* DetailRouter.swift */; };
		0BB58E2624DD2BE700A2A58E /* DetailViewController.swift in Sources */ = {isa = PBXBuildFile; fileRef = 0BB58E1F24DD2BE700A2A58E /* DetailViewController.swift */; };
		0BB58E2724DD2BE700A2A58E /* DetailInteractor.swift in Sources */ = {isa = PBXBuildFile; fileRef = 0BB58E2024DD2BE700A2A58E /* DetailInteractor.swift */; };
		0BB58E2824DD2BE700A2A58E /* DetailEntity.swift in Sources */ = {isa = PBXBuildFile; fileRef = 0BB58E2124DD2BE700A2A58E /* DetailEntity.swift */; };
		0BB58E2924DD2BE700A2A58E /* DetailViewController.xib in Resources */ = {isa = PBXBuildFile; fileRef = 0BB58E2224DD2BE700A2A58E /* DetailViewController.xib */; };
		0BB58E3224DD3A7900A2A58E /* SearchContract.swift in Sources */ = {isa = PBXBuildFile; fileRef = 0BB58E2B24DD3A7900A2A58E /* SearchContract.swift */; };
		0BB58E3324DD3A7900A2A58E /* SearchPresenter.swift in Sources */ = {isa = PBXBuildFile; fileRef = 0BB58E2C24DD3A7900A2A58E /* SearchPresenter.swift */; };
		0BB58E3424DD3A7900A2A58E /* SearchRouter.swift in Sources */ = {isa = PBXBuildFile; fileRef = 0BB58E2D24DD3A7900A2A58E /* SearchRouter.swift */; };
		0BB58E3524DD3A7900A2A58E /* SearchViewController.swift in Sources */ = {isa = PBXBuildFile; fileRef = 0BB58E2E24DD3A7900A2A58E /* SearchViewController.swift */; };
		0BB58E3624DD3A7900A2A58E /* SearchInteractor.swift in Sources */ = {isa = PBXBuildFile; fileRef = 0BB58E2F24DD3A7900A2A58E /* SearchInteractor.swift */; };
		0BB58E3724DD3A7900A2A58E /* SearchEntity.swift in Sources */ = {isa = PBXBuildFile; fileRef = 0BB58E3024DD3A7900A2A58E /* SearchEntity.swift */; };
		0BB58E3824DD3A7900A2A58E /* SearchViewController.xib in Resources */ = {isa = PBXBuildFile; fileRef = 0BB58E3124DD3A7900A2A58E /* SearchViewController.xib */; };
		0BB58E3C24DD3BC200A2A58E /* SearchTableViewCell.swift in Sources */ = {isa = PBXBuildFile; fileRef = 0BB58E3A24DD3BC200A2A58E /* SearchTableViewCell.swift */; };
		0BB58E3D24DD3BC200A2A58E /* SearchTableViewCell.xib in Resources */ = {isa = PBXBuildFile; fileRef = 0BB58E3B24DD3BC200A2A58E /* SearchTableViewCell.xib */; };
		0BB58E4024DD44A600A2A58E /* SearchModel.swift in Sources */ = {isa = PBXBuildFile; fileRef = 0BB58E3F24DD44A600A2A58E /* SearchModel.swift */; };
		0BF658E024C7E700006489E6 /* AppDelegate.swift in Sources */ = {isa = PBXBuildFile; fileRef = 0BF658DF24C7E700006489E6 /* AppDelegate.swift */; };
		0BF658E224C7E700006489E6 /* SceneDelegate.swift in Sources */ = {isa = PBXBuildFile; fileRef = 0BF658E124C7E700006489E6 /* SceneDelegate.swift */; };
		0BF658E424C7E700006489E6 /* ViewController.swift in Sources */ = {isa = PBXBuildFile; fileRef = 0BF658E324C7E700006489E6 /* ViewController.swift */; };
		0BF658E724C7E700006489E6 /* Main.storyboard in Resources */ = {isa = PBXBuildFile; fileRef = 0BF658E524C7E700006489E6 /* Main.storyboard */; };
		0BF658E924C7E702006489E6 /* Assets.xcassets in Resources */ = {isa = PBXBuildFile; fileRef = 0BF658E824C7E702006489E6 /* Assets.xcassets */; };
		0BF658EC24C7E702006489E6 /* LaunchScreen.storyboard in Resources */ = {isa = PBXBuildFile; fileRef = 0BF658EA24C7E702006489E6 /* LaunchScreen.storyboard */; };
		0BF6590424C7E7B5006489E6 /* ModuleBuilder.swift in Sources */ = {isa = PBXBuildFile; fileRef = 0BF6590324C7E7B5006489E6 /* ModuleBuilder.swift */; };
		FABD421AB4F83E69D1F4A002 /* Pods_iOS_Test.framework in Frameworks */ = {isa = PBXBuildFile; fileRef = 767E37D3D63980E15AABB4B7 /* Pods_iOS_Test.framework */; };
/* End PBXBuildFile section */

/* Begin PBXFileReference section */
		0B219B6824CA8BC2005D7F3A /* ReachabilityConnection.swift */ = {isa = PBXFileReference; lastKnownFileType = sourcecode.swift; path = ReachabilityConnection.swift; sourceTree = "<group>"; };
		0B307D7F24C887D200D7324A /* ApiConstant.swift */ = {isa = PBXFileReference; lastKnownFileType = sourcecode.swift; path = ApiConstant.swift; sourceTree = "<group>"; };
		0B307D8224C8882E00D7324A /* BaseApi.swift */ = {isa = PBXFileReference; lastKnownFileType = sourcecode.swift; path = BaseApi.swift; sourceTree = "<group>"; };
		0B307D8524C8889700D7324A /* ApiConfig.swift */ = {isa = PBXFileReference; lastKnownFileType = sourcecode.swift; path = ApiConfig.swift; sourceTree = "<group>"; };
		0B4356E224C88B7500F909F6 /* NetworkManager.swift */ = {isa = PBXFileReference; lastKnownFileType = sourcecode.swift; path = NetworkManager.swift; sourceTree = "<group>"; };
		0B4356E524C88C9200F909F6 /* ResponseParser.swift */ = {isa = PBXFileReference; lastKnownFileType = sourcecode.swift; path = ResponseParser.swift; sourceTree = "<group>"; };
		0BB58DD224DD003E00A2A58E /* MainContract.swift */ = {isa = PBXFileReference; lastKnownFileType = sourcecode.swift; path = MainContract.swift; sourceTree = "<group>"; };
		0BB58DD324DD003E00A2A58E /* MainPresenter.swift */ = {isa = PBXFileReference; lastKnownFileType = sourcecode.swift; path = MainPresenter.swift; sourceTree = "<group>"; };
		0BB58DD424DD003E00A2A58E /* MainRouter.swift */ = {isa = PBXFileReference; lastKnownFileType = sourcecode.swift; path = MainRouter.swift; sourceTree = "<group>"; };
		0BB58DD524DD003E00A2A58E /* MainViewController.swift */ = {isa = PBXFileReference; lastKnownFileType = sourcecode.swift; path = MainViewController.swift; sourceTree = "<group>"; };
		0BB58DD624DD003E00A2A58E /* MainInteractor.swift */ = {isa = PBXFileReference; lastKnownFileType = sourcecode.swift; path = MainInteractor.swift; sourceTree = "<group>"; };
		0BB58DD724DD003E00A2A58E /* MainEntity.swift */ = {isa = PBXFileReference; lastKnownFileType = sourcecode.swift; path = MainEntity.swift; sourceTree = "<group>"; };
		0BB58DD824DD003E00A2A58E /* MainViewController.xib */ = {isa = PBXFileReference; lastKnownFileType = file.xib; path = MainViewController.xib; sourceTree = "<group>"; };
		0BB58DEF24DD010700A2A58E /* HomeContract.swift */ = {isa = PBXFileReference; lastKnownFileType = sourcecode.swift; path = HomeContract.swift; sourceTree = "<group>"; };
		0BB58DF024DD010700A2A58E /* HomePresenter.swift */ = {isa = PBXFileReference; lastKnownFileType = sourcecode.swift; path = HomePresenter.swift; sourceTree = "<group>"; };
		0BB58DF124DD010700A2A58E /* HomeRouter.swift */ = {isa = PBXFileReference; lastKnownFileType = sourcecode.swift; path = HomeRouter.swift; sourceTree = "<group>"; };
		0BB58DF224DD010700A2A58E /* HomeViewController.swift */ = {isa = PBXFileReference; lastKnownFileType = sourcecode.swift; path = HomeViewController.swift; sourceTree = "<group>"; };
		0BB58DF324DD010700A2A58E /* HomeInteractor.swift */ = {isa = PBXFileReference; lastKnownFileType = sourcecode.swift; path = HomeInteractor.swift; sourceTree = "<group>"; };
		0BB58DF424DD010700A2A58E /* HomeEntity.swift */ = {isa = PBXFileReference; lastKnownFileType = sourcecode.swift; path = HomeEntity.swift; sourceTree = "<group>"; };
		0BB58DF524DD010700A2A58E /* HomeViewController.xib */ = {isa = PBXFileReference; lastKnownFileType = file.xib; path = HomeViewController.xib; sourceTree = "<group>"; };
		0BB58DFE24DD027300A2A58E /* OtherContract.swift */ = {isa = PBXFileReference; lastKnownFileType = sourcecode.swift; path = OtherContract.swift; sourceTree = "<group>"; };
		0BB58DFF24DD027300A2A58E /* OtherPresenter.swift */ = {isa = PBXFileReference; lastKnownFileType = sourcecode.swift; path = OtherPresenter.swift; sourceTree = "<group>"; };
		0BB58E0024DD027300A2A58E /* OtherRouter.swift */ = {isa = PBXFileReference; lastKnownFileType = sourcecode.swift; path = OtherRouter.swift; sourceTree = "<group>"; };
		0BB58E0124DD027300A2A58E /* OtherViewController.swift */ = {isa = PBXFileReference; lastKnownFileType = sourcecode.swift; path = OtherViewController.swift; sourceTree = "<group>"; };
		0BB58E0224DD027300A2A58E /* OtherInteractor.swift */ = {isa = PBXFileReference; lastKnownFileType = sourcecode.swift; path = OtherInteractor.swift; sourceTree = "<group>"; };
		0BB58E0324DD027300A2A58E /* OtherEntity.swift */ = {isa = PBXFileReference; lastKnownFileType = sourcecode.swift; path = OtherEntity.swift; sourceTree = "<group>"; };
		0BB58E0424DD027300A2A58E /* OtherViewController.xib */ = {isa = PBXFileReference; lastKnownFileType = file.xib; path = OtherViewController.xib; sourceTree = "<group>"; };
		0BB58E0D24DD071900A2A58E /* HomeTableViewCell.swift */ = {isa = PBXFileReference; lastKnownFileType = sourcecode.swift; path = HomeTableViewCell.swift; sourceTree = "<group>"; };
		0BB58E0E24DD071900A2A58E /* HomeTableViewCell.xib */ = {isa = PBXFileReference; lastKnownFileType = file.xib; path = HomeTableViewCell.xib; sourceTree = "<group>"; };
		0BB58E1224DD242800A2A58E /* HomeHeaderTableViewCell.swift */ = {isa = PBXFileReference; lastKnownFileType = sourcecode.swift; path = HomeHeaderTableViewCell.swift; sourceTree = "<group>"; };
		0BB58E1324DD242800A2A58E /* HomeHeaderTableViewCell.xib */ = {isa = PBXFileReference; lastKnownFileType = file.xib; path = HomeHeaderTableViewCell.xib; sourceTree = "<group>"; };
		0BB58E1724DD24A200A2A58E /* HomeCollectionViewCell.swift */ = {isa = PBXFileReference; lastKnownFileType = sourcecode.swift; path = HomeCollectionViewCell.swift; sourceTree = "<group>"; };
		0BB58E1824DD24A200A2A58E /* HomeCollectionViewCell.xib */ = {isa = PBXFileReference; lastKnownFileType = file.xib; path = HomeCollectionViewCell.xib; sourceTree = "<group>"; };
		0BB58E1C24DD2BE700A2A58E /* DetailContract.swift */ = {isa = PBXFileReference; lastKnownFileType = sourcecode.swift; path = DetailContract.swift; sourceTree = "<group>"; };
		0BB58E1D24DD2BE700A2A58E /* DetailPresenter.swift */ = {isa = PBXFileReference; lastKnownFileType = sourcecode.swift; path = DetailPresenter.swift; sourceTree = "<group>"; };
		0BB58E1E24DD2BE700A2A58E /* DetailRouter.swift */ = {isa = PBXFileReference; lastKnownFileType = sourcecode.swift; path = DetailRouter.swift; sourceTree = "<group>"; };
		0BB58E1F24DD2BE700A2A58E /* DetailViewController.swift */ = {isa = PBXFileReference; lastKnownFileType = sourcecode.swift; path = DetailViewController.swift; sourceTree = "<group>"; };
		0BB58E2024DD2BE700A2A58E /* DetailInteractor.swift */ = {isa = PBXFileReference; lastKnownFileType = sourcecode.swift; path = DetailInteractor.swift; sourceTree = "<group>"; };
		0BB58E2124DD2BE700A2A58E /* DetailEntity.swift */ = {isa = PBXFileReference; lastKnownFileType = sourcecode.swift; path = DetailEntity.swift; sourceTree = "<group>"; };
		0BB58E2224DD2BE700A2A58E /* DetailViewController.xib */ = {isa = PBXFileReference; lastKnownFileType = file.xib; path = DetailViewController.xib; sourceTree = "<group>"; };
		0BB58E2B24DD3A7900A2A58E /* SearchContract.swift */ = {isa = PBXFileReference; lastKnownFileType = sourcecode.swift; path = SearchContract.swift; sourceTree = "<group>"; };
		0BB58E2C24DD3A7900A2A58E /* SearchPresenter.swift */ = {isa = PBXFileReference; lastKnownFileType = sourcecode.swift; path = SearchPresenter.swift; sourceTree = "<group>"; };
		0BB58E2D24DD3A7900A2A58E /* SearchRouter.swift */ = {isa = PBXFileReference; lastKnownFileType = sourcecode.swift; path = SearchRouter.swift; sourceTree = "<group>"; };
		0BB58E2E24DD3A7900A2A58E /* SearchViewController.swift */ = {isa = PBXFileReference; lastKnownFileType = sourcecode.swift; path = SearchViewController.swift; sourceTree = "<group>"; };
		0BB58E2F24DD3A7900A2A58E /* SearchInteractor.swift */ = {isa = PBXFileReference; lastKnownFileType = sourcecode.swift; path = SearchInteractor.swift; sourceTree = "<group>"; };
		0BB58E3024DD3A7900A2A58E /* SearchEntity.swift */ = {isa = PBXFileReference; lastKnownFileType = sourcecode.swift; path = SearchEntity.swift; sourceTree = "<group>"; };
		0BB58E3124DD3A7900A2A58E /* SearchViewController.xib */ = {isa = PBXFileReference; lastKnownFileType = file.xib; path = SearchViewController.xib; sourceTree = "<group>"; };
		0BB58E3A24DD3BC200A2A58E /* SearchTableViewCell.swift */ = {isa = PBXFileReference; lastKnownFileType = sourcecode.swift; path = SearchTableViewCell.swift; sourceTree = "<group>"; };
		0BB58E3B24DD3BC200A2A58E /* SearchTableViewCell.xib */ = {isa = PBXFileReference; lastKnownFileType = file.xib; path = SearchTableViewCell.xib; sourceTree = "<group>"; };
		0BB58E3F24DD44A600A2A58E /* SearchModel.swift */ = {isa = PBXFileReference; lastKnownFileType = sourcecode.swift; path = SearchModel.swift; sourceTree = "<group>"; };
		0BF658DC24C7E700006489E6 /* iOS Test.app */ = {isa = PBXFileReference; explicitFileType = wrapper.application; includeInIndex = 0; path = "iOS Test.app"; sourceTree = BUILT_PRODUCTS_DIR; };
		0BF658DF24C7E700006489E6 /* AppDelegate.swift */ = {isa = PBXFileReference; lastKnownFileType = sourcecode.swift; path = AppDelegate.swift; sourceTree = "<group>"; };
		0BF658E124C7E700006489E6 /* SceneDelegate.swift */ = {isa = PBXFileReference; lastKnownFileType = sourcecode.swift; path = SceneDelegate.swift; sourceTree = "<group>"; };
		0BF658E324C7E700006489E6 /* ViewController.swift */ = {isa = PBXFileReference; lastKnownFileType = sourcecode.swift; path = ViewController.swift; sourceTree = "<group>"; };
		0BF658E624C7E700006489E6 /* Base */ = {isa = PBXFileReference; lastKnownFileType = file.storyboard; name = Base; path = Base.lproj/Main.storyboard; sourceTree = "<group>"; };
		0BF658E824C7E702006489E6 /* Assets.xcassets */ = {isa = PBXFileReference; lastKnownFileType = folder.assetcatalog; path = Assets.xcassets; sourceTree = "<group>"; };
		0BF658EB24C7E702006489E6 /* Base */ = {isa = PBXFileReference; lastKnownFileType = file.storyboard; name = Base; path = Base.lproj/LaunchScreen.storyboard; sourceTree = "<group>"; };
		0BF658ED24C7E702006489E6 /* Info.plist */ = {isa = PBXFileReference; lastKnownFileType = text.plist.xml; path = Info.plist; sourceTree = "<group>"; };
		0BF6590324C7E7B5006489E6 /* ModuleBuilder.swift */ = {isa = PBXFileReference; lastKnownFileType = sourcecode.swift; path = ModuleBuilder.swift; sourceTree = "<group>"; };
		5D4E4F1F0E644924E18C7733 /* Pods-iOS Test.debug.xcconfig */ = {isa = PBXFileReference; includeInIndex = 1; lastKnownFileType = text.xcconfig; name = "Pods-iOS Test.debug.xcconfig"; path = "Target Support Files/Pods-iOS Test/Pods-iOS Test.debug.xcconfig"; sourceTree = "<group>"; };
		72C6A6632A8B8E75AEB8C00E /* Pods-iOS Test.release.xcconfig */ = {isa = PBXFileReference; includeInIndex = 1; lastKnownFileType = text.xcconfig; name = "Pods-iOS Test.release.xcconfig"; path = "Target Support Files/Pods-iOS Test/Pods-iOS Test.release.xcconfig"; sourceTree = "<group>"; };
		767E37D3D63980E15AABB4B7 /* Pods_iOS_Test.framework */ = {isa = PBXFileReference; explicitFileType = wrapper.framework; includeInIndex = 0; path = Pods_iOS_Test.framework; sourceTree = BUILT_PRODUCTS_DIR; };
/* End PBXFileReference section */

/* Begin PBXFrameworksBuildPhase section */
		0BF658D924C7E700006489E6 /* Frameworks */ = {
			isa = PBXFrameworksBuildPhase;
			buildActionMask = 2147483647;
			files = (
				FABD421AB4F83E69D1F4A002 /* Pods_iOS_Test.framework in Frameworks */,
			);
			runOnlyForDeploymentPostprocessing = 0;
		};
/* End PBXFrameworksBuildPhase section */

/* Begin PBXGroup section */
		0B219B6724CA8BAB005D7F3A /* Commons */ = {
			isa = PBXGroup;
			children = (
				0B219B6824CA8BC2005D7F3A /* ReachabilityConnection.swift */,
			);
			path = Commons;
			sourceTree = "<group>";
		};
		0B307D7D24C8878200D7324A /* Network */ = {
			isa = PBXGroup;
			children = (
				0B4356E424C88C8200F909F6 /* Parser */,
				0B4356E124C88B6300F909F6 /* Manager */,
				0B307D8424C8888B00D7324A /* Config */,
				0B307D8124C8882200D7324A /* Base */,
				0B307D7E24C887B400D7324A /* Constant */,
			);
			path = Network;
			sourceTree = "<group>";
		};
		0B307D7E24C887B400D7324A /* Constant */ = {
			isa = PBXGroup;
			children = (
				0B307D7F24C887D200D7324A /* ApiConstant.swift */,
			);
			path = Constant;
			sourceTree = "<group>";
		};
		0B307D8124C8882200D7324A /* Base */ = {
			isa = PBXGroup;
			children = (
				0B307D8224C8882E00D7324A /* BaseApi.swift */,
			);
			path = Base;
			sourceTree = "<group>";
		};
		0B307D8424C8888B00D7324A /* Config */ = {
			isa = PBXGroup;
			children = (
				0B307D8524C8889700D7324A /* ApiConfig.swift */,
			);
			path = Config;
			sourceTree = "<group>";
		};
		0B4356E124C88B6300F909F6 /* Manager */ = {
			isa = PBXGroup;
			children = (
				0B4356E224C88B7500F909F6 /* NetworkManager.swift */,
			);
			path = Manager;
			sourceTree = "<group>";
		};
		0B4356E424C88C8200F909F6 /* Parser */ = {
			isa = PBXGroup;
			children = (
				0B4356E524C88C9200F909F6 /* ResponseParser.swift */,
			);
			path = Parser;
			sourceTree = "<group>";
		};
		0BB58DD024DCFF7700A2A58E /* Module */ = {
			isa = PBXGroup;
			children = (
				0BB58E2A24DD39F100A2A58E /* SearchModule */,
				0BB58E1B24DD2BA700A2A58E /* DetailModule */,
				0BB58DFD24DD025A00A2A58E /* OtherModule */,
				0BB58DE024DD00D100A2A58E /* HomeModule */,
				0BB58DD124DD001E00A2A58E /* MainModule */,
			);
			path = Module;
			sourceTree = "<group>";
		};
		0BB58DD124DD001E00A2A58E /* MainModule */ = {
			isa = PBXGroup;
			children = (
				0BB58DD224DD003E00A2A58E /* MainContract.swift */,
				0BB58DD324DD003E00A2A58E /* MainPresenter.swift */,
				0BB58DD424DD003E00A2A58E /* MainRouter.swift */,
				0BB58DD524DD003E00A2A58E /* MainViewController.swift */,
				0BB58DD624DD003E00A2A58E /* MainInteractor.swift */,
				0BB58DD724DD003E00A2A58E /* MainEntity.swift */,
				0BB58DD824DD003E00A2A58E /* MainViewController.xib */,
			);
			path = MainModule;
			sourceTree = "<group>";
		};
		0BB58DE024DD00D100A2A58E /* HomeModule */ = {
			isa = PBXGroup;
			children = (
				0BB58E1124DD240800A2A58E /* HomeHeaderCell */,
				0BB58E0C24DD06F800A2A58E /* HomeCell */,
				0BB58DEF24DD010700A2A58E /* HomeContract.swift */,
				0BB58DF024DD010700A2A58E /* HomePresenter.swift */,
				0BB58DF124DD010700A2A58E /* HomeRouter.swift */,
				0BB58DF224DD010700A2A58E /* HomeViewController.swift */,
				0BB58DF324DD010700A2A58E /* HomeInteractor.swift */,
				0BB58DF424DD010700A2A58E /* HomeEntity.swift */,
				0BB58DF524DD010700A2A58E /* HomeViewController.xib */,
			);
			path = HomeModule;
			sourceTree = "<group>";
		};
		0BB58DFD24DD025A00A2A58E /* OtherModule */ = {
			isa = PBXGroup;
			children = (
				0BB58DFE24DD027300A2A58E /* OtherContract.swift */,
				0BB58DFF24DD027300A2A58E /* OtherPresenter.swift */,
				0BB58E0024DD027300A2A58E /* OtherRouter.swift */,
				0BB58E0124DD027300A2A58E /* OtherViewController.swift */,
				0BB58E0224DD027300A2A58E /* OtherInteractor.swift */,
				0BB58E0324DD027300A2A58E /* OtherEntity.swift */,
				0BB58E0424DD027300A2A58E /* OtherViewController.xib */,
			);
			path = OtherModule;
			sourceTree = "<group>";
		};
		0BB58E0C24DD06F800A2A58E /* HomeCell */ = {
			isa = PBXGroup;
			children = (
				0BB58E0D24DD071900A2A58E /* HomeTableViewCell.swift */,
				0BB58E0E24DD071900A2A58E /* HomeTableViewCell.xib */,
			);
			path = HomeCell;
			sourceTree = "<group>";
		};
		0BB58E1124DD240800A2A58E /* HomeHeaderCell */ = {
			isa = PBXGroup;
			children = (
				0BB58E1624DD247A00A2A58E /* HomeCollection */,
				0BB58E1224DD242800A2A58E /* HomeHeaderTableViewCell.swift */,
				0BB58E1324DD242800A2A58E /* HomeHeaderTableViewCell.xib */,
			);
			path = HomeHeaderCell;
			sourceTree = "<group>";
		};
		0BB58E1624DD247A00A2A58E /* HomeCollection */ = {
			isa = PBXGroup;
			children = (
				0BB58E1724DD24A200A2A58E /* HomeCollectionViewCell.swift */,
				0BB58E1824DD24A200A2A58E /* HomeCollectionViewCell.xib */,
			);
			path = HomeCollection;
			sourceTree = "<group>";
		};
		0BB58E1B24DD2BA700A2A58E /* DetailModule */ = {
			isa = PBXGroup;
			children = (
				0BB58E1C24DD2BE700A2A58E /* DetailContract.swift */,
				0BB58E1D24DD2BE700A2A58E /* DetailPresenter.swift */,
				0BB58E1E24DD2BE700A2A58E /* DetailRouter.swift */,
				0BB58E1F24DD2BE700A2A58E /* DetailViewController.swift */,
				0BB58E2024DD2BE700A2A58E /* DetailInteractor.swift */,
				0BB58E2124DD2BE700A2A58E /* DetailEntity.swift */,
				0BB58E2224DD2BE700A2A58E /* DetailViewController.xib */,
			);
			path = DetailModule;
			sourceTree = "<group>";
		};
		0BB58E2A24DD39F100A2A58E /* SearchModule */ = {
			isa = PBXGroup;
			children = (
				0BB58E3E24DD449500A2A58E /* ModelSearch */,
				0BB58E3924DD3BA700A2A58E /* SearchCell */,
				0BB58E2B24DD3A7900A2A58E /* SearchContract.swift */,
				0BB58E2C24DD3A7900A2A58E /* SearchPresenter.swift */,
				0BB58E2D24DD3A7900A2A58E /* SearchRouter.swift */,
				0BB58E2E24DD3A7900A2A58E /* SearchViewController.swift */,
				0BB58E2F24DD3A7900A2A58E /* SearchInteractor.swift */,
				0BB58E3024DD3A7900A2A58E /* SearchEntity.swift */,
				0BB58E3124DD3A7900A2A58E /* SearchViewController.xib */,
			);
			path = SearchModule;
			sourceTree = "<group>";
		};
		0BB58E3924DD3BA700A2A58E /* SearchCell */ = {
			isa = PBXGroup;
			children = (
				0BB58E3A24DD3BC200A2A58E /* SearchTableViewCell.swift */,
				0BB58E3B24DD3BC200A2A58E /* SearchTableViewCell.xib */,
			);
			path = SearchCell;
			sourceTree = "<group>";
		};
		0BB58E3E24DD449500A2A58E /* ModelSearch */ = {
			isa = PBXGroup;
			children = (
				0BB58E3F24DD44A600A2A58E /* SearchModel.swift */,
			);
			path = ModelSearch;
			sourceTree = "<group>";
		};
		0BF658D324C7E700006489E6 = {
			isa = PBXGroup;
			children = (
				0BF658DE24C7E700006489E6 /* iOS Test */,
				0BF658DD24C7E700006489E6 /* Products */,
				FA4F0A854CD13FB59157B84B /* Pods */,
				ADE76FACB6A90C9F940D9B3E /* Frameworks */,
			);
			sourceTree = "<group>";
		};
		0BF658DD24C7E700006489E6 /* Products */ = {
			isa = PBXGroup;
			children = (
				0BF658DC24C7E700006489E6 /* iOS Test.app */,
			);
			name = Products;
			sourceTree = "<group>";
		};
		0BF658DE24C7E700006489E6 /* iOS Test */ = {
			isa = PBXGroup;
			children = (
				0BB58DD024DCFF7700A2A58E /* Module */,
				0B219B6724CA8BAB005D7F3A /* Commons */,
				0B307D7D24C8878200D7324A /* Network */,
				0BF6590224C7E7A0006489E6 /* Utils */,
				0BF658DF24C7E700006489E6 /* AppDelegate.swift */,
				0BF658E124C7E700006489E6 /* SceneDelegate.swift */,
				0BF658E324C7E700006489E6 /* ViewController.swift */,
				0BF658E524C7E700006489E6 /* Main.storyboard */,
				0BF658E824C7E702006489E6 /* Assets.xcassets */,
				0BF658EA24C7E702006489E6 /* LaunchScreen.storyboard */,
				0BF658ED24C7E702006489E6 /* Info.plist */,
			);
			path = "iOS Test";
			sourceTree = "<group>";
		};
		0BF6590224C7E7A0006489E6 /* Utils */ = {
			isa = PBXGroup;
			children = (
				0BF6590324C7E7B5006489E6 /* ModuleBuilder.swift */,
			);
			path = Utils;
			sourceTree = "<group>";
		};
		ADE76FACB6A90C9F940D9B3E /* Frameworks */ = {
			isa = PBXGroup;
			children = (
				767E37D3D63980E15AABB4B7 /* Pods_iOS_Test.framework */,
			);
			name = Frameworks;
			sourceTree = "<group>";
		};
		FA4F0A854CD13FB59157B84B /* Pods */ = {
			isa = PBXGroup;
			children = (
				5D4E4F1F0E644924E18C7733 /* Pods-iOS Test.debug.xcconfig */,
				72C6A6632A8B8E75AEB8C00E /* Pods-iOS Test.release.xcconfig */,
			);
			path = Pods;
			sourceTree = "<group>";
		};
/* End PBXGroup section */

/* Begin PBXNativeTarget section */
		0BF658DB24C7E700006489E6 /* iOS Test */ = {
			isa = PBXNativeTarget;
			buildConfigurationList = 0BF658F024C7E702006489E6 /* Build configuration list for PBXNativeTarget "iOS Test" */;
			buildPhases = (
				7C79CC00A3E2E5F2F16309DA /* [CP] Check Pods Manifest.lock */,
				0BF658D824C7E700006489E6 /* Sources */,
				0BF658D924C7E700006489E6 /* Frameworks */,
				0BF658DA24C7E700006489E6 /* Resources */,
				36AB0AF13C425F9AB7331781 /* [CP] Embed Pods Frameworks */,
			);
			buildRules = (
			);
			dependencies = (
			);
			name = "iOS Test";
			productName = "iOS Test";
			productReference = 0BF658DC24C7E700006489E6 /* iOS Test.app */;
			productType = "com.apple.product-type.application";
		};
/* End PBXNativeTarget section */

/* Begin PBXProject section */
		0BF658D424C7E700006489E6 /* Project object */ = {
			isa = PBXProject;
			attributes = {
				LastSwiftUpdateCheck = 1150;
				LastUpgradeCheck = 1150;
				ORGANIZATIONNAME = "Adam Lutpi Muzadid";
				TargetAttributes = {
					0BF658DB24C7E700006489E6 = {
						CreatedOnToolsVersion = 11.5;
					};
				};
			};
			buildConfigurationList = 0BF658D724C7E700006489E6 /* Build configuration list for PBXProject "iOS Test" */;
			compatibilityVersion = "Xcode 9.3";
			developmentRegion = en;
			hasScannedForEncodings = 0;
			knownRegions = (
				en,
				Base,
			);
			mainGroup = 0BF658D324C7E700006489E6;
			productRefGroup = 0BF658DD24C7E700006489E6 /* Products */;
			projectDirPath = "";
			projectRoot = "";
			targets = (
				0BF658DB24C7E700006489E6 /* iOS Test */,
			);
		};
/* End PBXProject section */

/* Begin PBXResourcesBuildPhase section */
		0BF658DA24C7E700006489E6 /* Resources */ = {
			isa = PBXResourcesBuildPhase;
			buildActionMask = 2147483647;
			files = (
				0BF658EC24C7E702006489E6 /* LaunchScreen.storyboard in Resources */,
				0BB58E1524DD242800A2A58E /* HomeHeaderTableViewCell.xib in Resources */,
				0BB58E1024DD071900A2A58E /* HomeTableViewCell.xib in Resources */,
				0BB58E0B24DD027300A2A58E /* OtherViewController.xib in Resources */,
				0BB58E1A24DD24A200A2A58E /* HomeCollectionViewCell.xib in Resources */,
				0BB58E3D24DD3BC200A2A58E /* SearchTableViewCell.xib in Resources */,
				0BF658E924C7E702006489E6 /* Assets.xcassets in Resources */,
				0BB58DFC24DD010700A2A58E /* HomeViewController.xib in Resources */,
				0BB58E3824DD3A7900A2A58E /* SearchViewController.xib in Resources */,
				0BB58E2924DD2BE700A2A58E /* DetailViewController.xib in Resources */,
				0BF658E724C7E700006489E6 /* Main.storyboard in Resources */,
				0BB58DDF24DD003E00A2A58E /* MainViewController.xib in Resources */,
			);
			runOnlyForDeploymentPostprocessing = 0;
		};
/* End PBXResourcesBuildPhase section */

/* Begin PBXShellScriptBuildPhase section */
		36AB0AF13C425F9AB7331781 /* [CP] Embed Pods Frameworks */ = {
			isa = PBXShellScriptBuildPhase;
			buildActionMask = 2147483647;
			files = (
			);
			inputFileListPaths = (
				"${PODS_ROOT}/Target Support Files/Pods-iOS Test/Pods-iOS Test-frameworks-${CONFIGURATION}-input-files.xcfilelist",
			);
			name = "[CP] Embed Pods Frameworks";
			outputFileListPaths = (
				"${PODS_ROOT}/Target Support Files/Pods-iOS Test/Pods-iOS Test-frameworks-${CONFIGURATION}-output-files.xcfilelist",
			);
			runOnlyForDeploymentPostprocessing = 0;
			shellPath = /bin/sh;
			shellScript = "\"${PODS_ROOT}/Target Support Files/Pods-iOS Test/Pods-iOS Test-frameworks.sh\"\n";
			showEnvVarsInLog = 0;
		};
		7C79CC00A3E2E5F2F16309DA /* [CP] Check Pods Manifest.lock */ = {
			isa = PBXShellScriptBuildPhase;
			buildActionMask = 2147483647;
			files = (
			);
			inputFileListPaths = (
			);
			inputPaths = (
				"${PODS_PODFILE_DIR_PATH}/Podfile.lock",
				"${PODS_ROOT}/Manifest.lock",
			);
			name = "[CP] Check Pods Manifest.lock";
			outputFileListPaths = (
			);
			outputPaths = (
				"$(DERIVED_FILE_DIR)/Pods-iOS Test-checkManifestLockResult.txt",
			);
			runOnlyForDeploymentPostprocessing = 0;
			shellPath = /bin/sh;
			shellScript = "diff \"${PODS_PODFILE_DIR_PATH}/Podfile.lock\" \"${PODS_ROOT}/Manifest.lock\" > /dev/null\nif [ $? != 0 ] ; then\n    # print error to STDERR\n    echo \"error: The sandbox is not in sync with the Podfile.lock. Run 'pod install' or update your CocoaPods installation.\" >&2\n    exit 1\nfi\n# This output is used by Xcode 'outputs' to avoid re-running this script phase.\necho \"SUCCESS\" > \"${SCRIPT_OUTPUT_FILE_0}\"\n";
			showEnvVarsInLog = 0;
		};
/* End PBXShellScriptBuildPhase section */

/* Begin PBXSourcesBuildPhase section */
		0BF658D824C7E700006489E6 /* Sources */ = {
			isa = PBXSourcesBuildPhase;
			buildActionMask = 2147483647;
			files = (
				0BB58E2324DD2BE700A2A58E /* DetailContract.swift in Sources */,
				0BB58E0524DD027300A2A58E /* OtherContract.swift in Sources */,
				0BB58E0724DD027300A2A58E /* OtherRouter.swift in Sources */,
				0BB58E4024DD44A600A2A58E /* SearchModel.swift in Sources */,
				0BB58E3724DD3A7900A2A58E /* SearchEntity.swift in Sources */,
				0BB58E2724DD2BE700A2A58E /* DetailInteractor.swift in Sources */,
				0B4356E324C88B7500F909F6 /* NetworkManager.swift in Sources */,
				0BF6590424C7E7B5006489E6 /* ModuleBuilder.swift in Sources */,
				0BB58E3624DD3A7900A2A58E /* SearchInteractor.swift in Sources */,
				0B219B6924CA8BC2005D7F3A /* ReachabilityConnection.swift in Sources */,
				0BB58DD924DD003E00A2A58E /* MainContract.swift in Sources */,
				0BB58DF824DD010700A2A58E /* HomeRouter.swift in Sources */,
				0BB58E0A24DD027300A2A58E /* OtherEntity.swift in Sources */,
				0BB58E1924DD24A200A2A58E /* HomeCollectionViewCell.swift in Sources */,
				0B4356E624C88C9200F909F6 /* ResponseParser.swift in Sources */,
				0BB58DFA24DD010700A2A58E /* HomeInteractor.swift in Sources */,
				0BB58DDB24DD003E00A2A58E /* MainRouter.swift in Sources */,
				0BB58E1424DD242800A2A58E /* HomeHeaderTableViewCell.swift in Sources */,
				0BF658E424C7E700006489E6 /* ViewController.swift in Sources */,
				0BB58DFB24DD010700A2A58E /* HomeEntity.swift in Sources */,
				0BB58DDC24DD003E00A2A58E /* MainViewController.swift in Sources */,
				0BB58DF624DD010700A2A58E /* HomeContract.swift in Sources */,
				0BB58E3224DD3A7900A2A58E /* SearchContract.swift in Sources */,
				0BB58DDD24DD003E00A2A58E /* MainInteractor.swift in Sources */,
				0BB58E0924DD027300A2A58E /* OtherInteractor.swift in Sources */,
				0BF658E024C7E700006489E6 /* AppDelegate.swift in Sources */,
				0BB58DDA24DD003E00A2A58E /* MainPresenter.swift in Sources */,
				0B307D8324C8882E00D7324A /* BaseApi.swift in Sources */,
				0BB58E0624DD027300A2A58E /* OtherPresenter.swift in Sources */,
				0BB58E0824DD027300A2A58E /* OtherViewController.swift in Sources */,
				0B307D8624C8889700D7324A /* ApiConfig.swift in Sources */,
				0BB58E2424DD2BE700A2A58E /* DetailPresenter.swift in Sources */,
				0BB58E3524DD3A7900A2A58E /* SearchViewController.swift in Sources */,
				0BB58E2624DD2BE700A2A58E /* DetailViewController.swift in Sources */,
				0BB58DF924DD010700A2A58E /* HomeViewController.swift in Sources */,
				0BB58DDE24DD003E00A2A58E /* MainEntity.swift in Sources */,
				0BB58DF724DD010700A2A58E /* HomePresenter.swift in Sources */,
				0BB58E0F24DD071900A2A58E /* HomeTableViewCell.swift in Sources */,
				0BB58E3C24DD3BC200A2A58E /* SearchTableViewCell.swift in Sources */,
				0BB58E2524DD2BE700A2A58E /* DetailRouter.swift in Sources */,
				0BB58E3324DD3A7900A2A58E /* SearchPresenter.swift in Sources */,
				0BB58E3424DD3A7900A2A58E /* SearchRouter.swift in Sources */,
				0BB58E2824DD2BE700A2A58E /* DetailEntity.swift in Sources */,
				0BF658E224C7E700006489E6 /* SceneDelegate.swift in Sources */,
				0B307D8024C887D200D7324A /* ApiConstant.swift in Sources */,
			);
			runOnlyForDeploymentPostprocessing = 0;
		};
/* End PBXSourcesBuildPhase section */

/* Begin PBXVariantGroup section */
		0BF658E524C7E700006489E6 /* Main.storyboard */ = {
			isa = PBXVariantGroup;
			children = (
				0BF658E624C7E700006489E6 /* Base */,
			);
			name = Main.storyboard;
			sourceTree = "<group>";
		};
		0BF658EA24C7E702006489E6 /* LaunchScreen.storyboard */ = {
			isa = PBXVariantGroup;
			children = (
				0BF658EB24C7E702006489E6 /* Base */,
			);
			name = LaunchScreen.storyboard;
			sourceTree = "<group>";
		};
/* End PBXVariantGroup section */

/* Begin XCBuildConfiguration section */
		0BF658EE24C7E702006489E6 /* Debug */ = {
			isa = XCBuildConfiguration;
			buildSettings = {
				ALWAYS_SEARCH_USER_PATHS = NO;
				CLANG_ANALYZER_NONNULL = YES;
				CLANG_ANALYZER_NUMBER_OBJECT_CONVERSION = YES_AGGRESSIVE;
				CLANG_CXX_LANGUAGE_STANDARD = "gnu++14";
				CLANG_CXX_LIBRARY = "libc++";
				CLANG_ENABLE_MODULES = YES;
				CLANG_ENABLE_OBJC_ARC = YES;
				CLANG_ENABLE_OBJC_WEAK = YES;
				CLANG_WARN_BLOCK_CAPTURE_AUTORELEASING = YES;
				CLANG_WARN_BOOL_CONVERSION = YES;
				CLANG_WARN_COMMA = YES;
				CLANG_WARN_CONSTANT_CONVERSION = YES;
				CLANG_WARN_DEPRECATED_OBJC_IMPLEMENTATIONS = YES;
				CLANG_WARN_DIRECT_OBJC_ISA_USAGE = YES_ERROR;
				CLANG_WARN_DOCUMENTATION_COMMENTS = YES;
				CLANG_WARN_EMPTY_BODY = YES;
				CLANG_WARN_ENUM_CONVERSION = YES;
				CLANG_WARN_INFINITE_RECURSION = YES;
				CLANG_WARN_INT_CONVERSION = YES;
				CLANG_WARN_NON_LITERAL_NULL_CONVERSION = YES;
				CLANG_WARN_OBJC_IMPLICIT_RETAIN_SELF = YES;
				CLANG_WARN_OBJC_LITERAL_CONVERSION = YES;
				CLANG_WARN_OBJC_ROOT_CLASS = YES_ERROR;
				CLANG_WARN_RANGE_LOOP_ANALYSIS = YES;
				CLANG_WARN_STRICT_PROTOTYPES = YES;
				CLANG_WARN_SUSPICIOUS_MOVE = YES;
				CLANG_WARN_UNGUARDED_AVAILABILITY = YES_AGGRESSIVE;
				CLANG_WARN_UNREACHABLE_CODE = YES;
				CLANG_WARN__DUPLICATE_METHOD_MATCH = YES;
				COPY_PHASE_STRIP = NO;
				DEBUG_INFORMATION_FORMAT = dwarf;
				ENABLE_STRICT_OBJC_MSGSEND = YES;
				ENABLE_TESTABILITY = YES;
				GCC_C_LANGUAGE_STANDARD = gnu11;
				GCC_DYNAMIC_NO_PIC = NO;
				GCC_NO_COMMON_BLOCKS = YES;
				GCC_OPTIMIZATION_LEVEL = 0;
				GCC_PREPROCESSOR_DEFINITIONS = (
					"DEBUG=1",
					"$(inherited)",
				);
				GCC_WARN_64_TO_32_BIT_CONVERSION = YES;
				GCC_WARN_ABOUT_RETURN_TYPE = YES_ERROR;
				GCC_WARN_UNDECLARED_SELECTOR = YES;
				GCC_WARN_UNINITIALIZED_AUTOS = YES_AGGRESSIVE;
				GCC_WARN_UNUSED_FUNCTION = YES;
				GCC_WARN_UNUSED_VARIABLE = YES;
				IPHONEOS_DEPLOYMENT_TARGET = 13.5;
				MTL_ENABLE_DEBUG_INFO = INCLUDE_SOURCE;
				MTL_FAST_MATH = YES;
				ONLY_ACTIVE_ARCH = YES;
				SDKROOT = iphoneos;
				SWIFT_ACTIVE_COMPILATION_CONDITIONS = DEBUG;
				SWIFT_OPTIMIZATION_LEVEL = "-Onone";
			};
			name = Debug;
		};
		0BF658EF24C7E702006489E6 /* Release */ = {
			isa = XCBuildConfiguration;
			buildSettings = {
				ALWAYS_SEARCH_USER_PATHS = NO;
				CLANG_ANALYZER_NONNULL = YES;
				CLANG_ANALYZER_NUMBER_OBJECT_CONVERSION = YES_AGGRESSIVE;
				CLANG_CXX_LANGUAGE_STANDARD = "gnu++14";
				CLANG_CXX_LIBRARY = "libc++";
				CLANG_ENABLE_MODULES = YES;
				CLANG_ENABLE_OBJC_ARC = YES;
				CLANG_ENABLE_OBJC_WEAK = YES;
				CLANG_WARN_BLOCK_CAPTURE_AUTORELEASING = YES;
				CLANG_WARN_BOOL_CONVERSION = YES;
				CLANG_WARN_COMMA = YES;
				CLANG_WARN_CONSTANT_CONVERSION = YES;
				CLANG_WARN_DEPRECATED_OBJC_IMPLEMENTATIONS = YES;
				CLANG_WARN_DIRECT_OBJC_ISA_USAGE = YES_ERROR;
				CLANG_WARN_DOCUMENTATION_COMMENTS = YES;
				CLANG_WARN_EMPTY_BODY = YES;
				CLANG_WARN_ENUM_CONVERSION = YES;
				CLANG_WARN_INFINITE_RECURSION = YES;
				CLANG_WARN_INT_CONVERSION = YES;
				CLANG_WARN_NON_LITERAL_NULL_CONVERSION = YES;
				CLANG_WARN_OBJC_IMPLICIT_RETAIN_SELF = YES;
				CLANG_WARN_OBJC_LITERAL_CONVERSION = YES;
				CLANG_WARN_OBJC_ROOT_CLASS = YES_ERROR;
				CLANG_WARN_RANGE_LOOP_ANALYSIS = YES;
				CLANG_WARN_STRICT_PROTOTYPES = YES;
				CLANG_WARN_SUSPICIOUS_MOVE = YES;
				CLANG_WARN_UNGUARDED_AVAILABILITY = YES_AGGRESSIVE;
				CLANG_WARN_UNREACHABLE_CODE = YES;
				CLANG_WARN__DUPLICATE_METHOD_MATCH = YES;
				COPY_PHASE_STRIP = NO;
				DEBUG_INFORMATION_FORMAT = "dwarf-with-dsym";
				ENABLE_NS_ASSERTIONS = NO;
				ENABLE_STRICT_OBJC_MSGSEND = YES;
				GCC_C_LANGUAGE_STANDARD = gnu11;
				GCC_NO_COMMON_BLOCKS = YES;
				GCC_WARN_64_TO_32_BIT_CONVERSION = YES;
				GCC_WARN_ABOUT_RETURN_TYPE = YES_ERROR;
				GCC_WARN_UNDECLARED_SELECTOR = YES;
				GCC_WARN_UNINITIALIZED_AUTOS = YES_AGGRESSIVE;
				GCC_WARN_UNUSED_FUNCTION = YES;
				GCC_WARN_UNUSED_VARIABLE = YES;
				IPHONEOS_DEPLOYMENT_TARGET = 13.5;
				MTL_ENABLE_DEBUG_INFO = NO;
				MTL_FAST_MATH = YES;
				SDKROOT = iphoneos;
				SWIFT_COMPILATION_MODE = wholemodule;
				SWIFT_OPTIMIZATION_LEVEL = "-O";
				VALIDATE_PRODUCT = YES;
			};
			name = Release;
		};
		0BF658F124C7E702006489E6 /* Debug */ = {
			isa = XCBuildConfiguration;
			baseConfigurationReference = 5D4E4F1F0E644924E18C7733 /* Pods-iOS Test.debug.xcconfig */;
			buildSettings = {
				ASSETCATALOG_COMPILER_APPICON_NAME = AppIcon;
				CODE_SIGN_STYLE = Automatic;
				DEVELOPMENT_TEAM = SGJ5CAJ2W6;
				INFOPLIST_FILE = "iOS Test/Info.plist";
				LD_RUNPATH_SEARCH_PATHS = (
					"$(inherited)",
					"@executable_path/Frameworks",
				);
				PRODUCT_BUNDLE_IDENTIFIER = "com.tiket-test.ios";
				PRODUCT_NAME = "$(TARGET_NAME)";
				SWIFT_VERSION = 5.0;
				TARGETED_DEVICE_FAMILY = "1,2";
			};
			name = Debug;
		};
		0BF658F224C7E702006489E6 /* Release */ = {
			isa = XCBuildConfiguration;
			baseConfigurationReference = 72C6A6632A8B8E75AEB8C00E /* Pods-iOS Test.release.xcconfig */;
			buildSettings = {
				ASSETCATALOG_COMPILER_APPICON_NAME = AppIcon;
				CODE_SIGN_STYLE = Automatic;
				DEVELOPMENT_TEAM = SGJ5CAJ2W6;
				INFOPLIST_FILE = "iOS Test/Info.plist";
				LD_RUNPATH_SEARCH_PATHS = (
					"$(inherited)",
					"@executable_path/Frameworks",
				);
				PRODUCT_BUNDLE_IDENTIFIER = "com.tiket-test.ios";
				PRODUCT_NAME = "$(TARGET_NAME)";
				SWIFT_VERSION = 5.0;
				TARGETED_DEVICE_FAMILY = "1,2";
			};
			name = Release;
		};
/* End XCBuildConfiguration section */

/* Begin XCConfigurationList section */
		0BF658D724C7E700006489E6 /* Build configuration list for PBXProject "iOS Test" */ = {
			isa = XCConfigurationList;
			buildConfigurations = (
				0BF658EE24C7E702006489E6 /* Debug */,
				0BF658EF24C7E702006489E6 /* Release */,
			);
			defaultConfigurationIsVisible = 0;
			defaultConfigurationName = Release;
		};
		0BF658F024C7E702006489E6 /* Build configuration list for PBXNativeTarget "iOS Test" */ = {
			isa = XCConfigurationList;
			buildConfigurations = (
				0BF658F124C7E702006489E6 /* Debug */,
				0BF658F224C7E702006489E6 /* Release */,
			);
			defaultConfigurationIsVisible = 0;
			defaultConfigurationName = Release;
		};
/* End XCConfigurationList section */
	};
	rootObject = 0BF658D424C7E700006489E6 /* Project object */;
}
